
Microsoft Visual Studio Solution File, Format Version 12.00
# Visual Studio 15
VisualStudioVersion = 15.0.28307.168
MinimumVisualStudioVersion = 10.0.40219.1
Project("{FAE04EC0-301F-11D3-BF4B-00C04F79EFBC}") = "TicTacToe", "TicTacToe\TicTacToe.csproj", "{665975F8-BD60-4771-A77B-99599266AA7C}"
EndProject
Global
	GlobalSection(SolutionConfigurationPlatforms) = preSolution
		Debug|Any CPU = Debug|Any CPU
		Release|Any CPU = Release|Any CPU
	EndGlobalSection
	GlobalSection(ProjectConfigurationPlatforms) = postSolution
		{665975F8-BD60-4771-A77B-99599266AA7C}.Debug|Any CPU.ActiveCfg = Debug|Any CPU
		{665975F8-BD60-4771-A77B-99599266AA7C}.Debug|Any CPU.Build.0 = Debug|Any CPU
		{665975F8-BD60-4771-A77B-99599266AA7C}.Release|Any CPU.ActiveCfg = Release|Any CPU
		{665975F8-BD60-4771-A77B-99599266AA7C}.Release|Any CPU.Build.0 = Release|Any CPU
	EndGlobalSection
	GlobalSection(SolutionProperties) = preSolution
		HideSolutionNode = FALSE
	EndGlobalSection
	GlobalSection(ExtensibilityGlobals) = postSolution
		SolutionGuid = {EBBB0BB7-30E5-4F17-BB1A-F5B0E7E5D11F}
	EndGlobalSection
EndGlobal
